
Microsoft Visual Studio Solution File, Format Version 12.00
# Visual Studio 15
VisualStudioVersion = 15.0.26430.6
MinimumVisualStudioVersion = 10.0.40219.1
Project("{8BC9CEB8-8B4A-11D0-8D11-00A0C91BC942}") = "Linear List", "Linear List\Linear List.vcxproj", "{A3BD9DE7-B8D9-4CB2-9F8E-20FA92670B50}"
EndProject
Project("{8BC9CEB8-8B4A-11D0-8D11-00A0C91BC942}") = "Queue", "Queue\Queue.vcxproj", "{DFB12CA3-C7AC-452F-93AB-3BC26F0FC118}"
EndProject
Project("{8BC9CEB8-8B4A-11D0-8D11-00A0C91BC942}") = "Stack", "Stack\Stack.vcxproj", "{7F9B089D-F69F-4FD9-9D7E-33A52D21250B}"
EndProject
Project("{8BC9CEB8-8B4A-11D0-8D11-00A0C91BC942}") = "Tree", "Tree\Tree.vcxproj", "{53A4275D-9761-4D2A-80BC-F95AF199A9CA}"
EndProject
Project("{8BC9CEB8-8B4A-11D0-8D11-00A0C91BC942}") = "Graph", "Graph\Graph.vcxproj", "{8A9B0D91-2AB4-4930-B9B2-5D8D7334ECEC}"
EndProject
Project("{8BC9CEB8-8B4A-11D0-8D11-00A0C91BC942}") = "HashTable", "HashTable\HashTable.vcxproj", "{EB0B7170-9B89-4247-BECC-2AD00DDC61E6}"
EndProject
Project("{8BC9CEB8-8B4A-11D0-8D11-00A0C91BC942}") = "Sort", "Sort\Sort.vcxproj", "{7C780B62-A1AC-4DDD-ABC6-2627CA22CED5}"
EndProject
Project("{8BC9CEB8-8B4A-11D0-8D11-00A0C91BC942}") = "BinarySearchTree", "BinaryTree\BinaryTree.vcxproj", "{A4C4D9CA-D63B-4334-A8FD-FA1DADE6D2D1}"
EndProject
Project("{8BC9CEB8-8B4A-11D0-8D11-00A0C91BC942}") = "BalancedBinarySearchTree", "BalancedBinarySearchTree\BalancedBinarySearchTree.vcxproj", "{1FEDCC82-3F49-4818-99C1-49346A59E247}"
EndProject
Global
	GlobalSection(SolutionConfigurationPlatforms) = preSolution
		Debug|x64 = Debug|x64
		Debug|x86 = Debug|x86
		Release|x64 = Release|x64
		Release|x86 = Release|x86
	EndGlobalSection
	GlobalSection(ProjectConfigurationPlatforms) = postSolution
		{A3BD9DE7-B8D9-4CB2-9F8E-20FA92670B50}.Debug|x64.ActiveCfg = Debug|x64
		{A3BD9DE7-B8D9-4CB2-9F8E-20FA92670B50}.Debug|x64.Build.0 = Debug|x64
		{A3BD9DE7-B8D9-4CB2-9F8E-20FA92670B50}.Debug|x86.ActiveCfg = Debug|Win32
		{A3BD9DE7-B8D9-4CB2-9F8E-20FA92670B50}.Debug|x86.Build.0 = Debug|Win32
		{A3BD9DE7-B8D9-4CB2-9F8E-20FA92670B50}.Release|x64.ActiveCfg = Release|x64
		{A3BD9DE7-B8D9-4CB2-9F8E-20FA92670B50}.Release|x64.Build.0 = Release|x64
		{A3BD9DE7-B8D9-4CB2-9F8E-20FA92670B50}.Release|x86.ActiveCfg = Release|Win32
		{A3BD9DE7-B8D9-4CB2-9F8E-20FA92670B50}.Release|x86.Build.0 = Release|Win32
		{DFB12CA3-C7AC-452F-93AB-3BC26F0FC118}.Debug|x64.ActiveCfg = Debug|x64
		{DFB12CA3-C7AC-452F-93AB-3BC26F0FC118}.Debug|x64.Build.0 = Debug|x64
		{DFB12CA3-C7AC-452F-93AB-3BC26F0FC118}.Debug|x86.ActiveCfg = Debug|Win32
		{DFB12CA3-C7AC-452F-93AB-3BC26F0FC118}.Debug|x86.Build.0 = Debug|Win32
		{DFB12CA3-C7AC-452F-93AB-3BC26F0FC118}.Release|x64.ActiveCfg = Release|x64
		{DFB12CA3-C7AC-452F-93AB-3BC26F0FC118}.Release|x64.Build.0 = Release|x64
		{DFB12CA3-C7AC-452F-93AB-3BC26F0FC118}.Release|x86.ActiveCfg = Release|Win32
		{DFB12CA3-C7AC-452F-93AB-3BC26F0FC118}.Release|x86.Build.0 = Release|Win32
		{7F9B089D-F69F-4FD9-9D7E-33A52D21250B}.Debug|x64.ActiveCfg = Debug|x64
		{7F9B089D-F69F-4FD9-9D7E-33A52D21250B}.Debug|x64.Build.0 = Debug|x64
		{7F9B089D-F69F-4FD9-9D7E-33A52D21250B}.Debug|x86.ActiveCfg = Debug|Win32
		{7F9B089D-F69F-4FD9-9D7E-33A52D21250B}.Debug|x86.Build.0 = Debug|Win32
		{7F9B089D-F69F-4FD9-9D7E-33A52D21250B}.Release|x64.ActiveCfg = Release|x64
		{7F9B089D-F69F-4FD9-9D7E-33A52D21250B}.Release|x64.Build.0 = Release|x64
		{7F9B089D-F69F-4FD9-9D7E-33A52D21250B}.Release|x86.ActiveCfg = Release|Win32
		{7F9B089D-F69F-4FD9-9D7E-33A52D21250B}.Release|x86.Build.0 = Release|Win32
		{53A4275D-9761-4D2A-80BC-F95AF199A9CA}.Debug|x64.ActiveCfg = Debug|x64
		{53A4275D-9761-4D2A-80BC-F95AF199A9CA}.Debug|x64.Build.0 = Debug|x64
		{53A4275D-9761-4D2A-80BC-F95AF199A9CA}.Debug|x86.ActiveCfg = Debug|Win32
		{53A4275D-9761-4D2A-80BC-F95AF199A9CA}.Debug|x86.Build.0 = Debug|Win32
		{53A4275D-9761-4D2A-80BC-F95AF199A9CA}.Release|x64.ActiveCfg = Release|x64
		{53A4275D-9761-4D2A-80BC-F95AF199A9CA}.Release|x64.Build.0 = Release|x64
		{53A4275D-9761-4D2A-80BC-F95AF199A9CA}.Release|x86.ActiveCfg = Release|Win32
		{53A4275D-9761-4D2A-80BC-F95AF199A9CA}.Release|x86.Build.0 = Release|Win32
		{8A9B0D91-2AB4-4930-B9B2-5D8D7334ECEC}.Debug|x64.ActiveCfg = Debug|x64
		{8A9B0D91-2AB4-4930-B9B2-5D8D7334ECEC}.Debug|x64.Build.0 = Debug|x64
		{8A9B0D91-2AB4-4930-B9B2-5D8D7334ECEC}.Debug|x86.ActiveCfg = Debug|Win32
		{8A9B0D91-2AB4-4930-B9B2-5D8D7334ECEC}.Debug|x86.Build.0 = Debug|Win32
		{8A9B0D91-2AB4-4930-B9B2-5D8D7334ECEC}.Release|x64.ActiveCfg = Release|x64
		{8A9B0D91-2AB4-4930-B9B2-5D8D7334ECEC}.Release|x64.Build.0 = Release|x64
		{8A9B0D91-2AB4-4930-B9B2-5D8D7334ECEC}.Release|x86.ActiveCfg = Release|Win32
		{8A9B0D91-2AB4-4930-B9B2-5D8D7334ECEC}.Release|x86.Build.0 = Release|Win32
		{EB0B7170-9B89-4247-BECC-2AD00DDC61E6}.Debug|x64.ActiveCfg = Debug|x64
		{EB0B7170-9B89-4247-BECC-2AD00DDC61E6}.Debug|x64.Build.0 = Debug|x64
		{EB0B7170-9B89-4247-BECC-2AD00DDC61E6}.Debug|x86.ActiveCfg = Debug|Win32
		{EB0B7170-9B89-4247-BECC-2AD00DDC61E6}.Debug|x86.Build.0 = Debug|Win32
		{EB0B7170-9B89-4247-BECC-2AD00DDC61E6}.Release|x64.ActiveCfg = Release|x64
		{EB0B7170-9B89-4247-BECC-2AD00DDC61E6}.Release|x64.Build.0 = Release|x64
		{EB0B7170-9B89-4247-BECC-2AD00DDC61E6}.Release|x86.ActiveCfg = Release|Win32
		{EB0B7170-9B89-4247-BECC-2AD00DDC61E6}.Release|x86.Build.0 = Release|Win32
		{7C780B62-A1AC-4DDD-ABC6-2627CA22CED5}.Debug|x64.ActiveCfg = Debug|x64
		{7C780B62-A1AC-4DDD-ABC6-2627CA22CED5}.Debug|x64.Build.0 = Debug|x64
		{7C780B62-A1AC-4DDD-ABC6-2627CA22CED5}.Debug|x86.ActiveCfg = Debug|Win32
		{7C780B62-A1AC-4DDD-ABC6-2627CA22CED5}.Debug|x86.Build.0 = Debug|Win32
		{7C780B62-A1AC-4DDD-ABC6-2627CA22CED5}.Release|x64.ActiveCfg = Release|x64
		{7C780B62-A1AC-4DDD-ABC6-2627CA22CED5}.Release|x64.Build.0 = Release|x64
		{7C780B62-A1AC-4DDD-ABC6-2627CA22CED5}.Release|x86.ActiveCfg = Release|Win32
		{7C780B62-A1AC-4DDD-ABC6-2627CA22CED5}.Release|x86.Build.0 = Release|Win32
		{A4C4D9CA-D63B-4334-A8FD-FA1DADE6D2D1}.Debug|x64.ActiveCfg = Debug|x64
		{A4C4D9CA-D63B-4334-A8FD-FA1DADE6D2D1}.Debug|x64.Build.0 = Debug|x64
		{A4C4D9CA-D63B-4334-A8FD-FA1DADE6D2D1}.Debug|x86.ActiveCfg = Debug|Win32
		{A4C4D9CA-D63B-4334-A8FD-FA1DADE6D2D1}.Debug|x86.Build.0 = Debug|Win32
		{A4C4D9CA-D63B-4334-A8FD-FA1DADE6D2D1}.Release|x64.ActiveCfg = Release|x64
		{A4C4D9CA-D63B-4334-A8FD-FA1DADE6D2D1}.Release|x64.Build.0 = Release|x64
		{A4C4D9CA-D63B-4334-A8FD-FA1DADE6D2D1}.Release|x86.ActiveCfg = Release|Win32
		{A4C4D9CA-D63B-4334-A8FD-FA1DADE6D2D1}.Release|x86.Build.0 = Release|Win32
		{1FEDCC82-3F49-4818-99C1-49346A59E247}.Debug|x64.ActiveCfg = Debug|x64
		{1FEDCC82-3F49-4818-99C1-49346A59E247}.Debug|x64.Build.0 = Debug|x64
		{1FEDCC82-3F49-4818-99C1-49346A59E247}.Debug|x86.ActiveCfg = Debug|Win32
		{1FEDCC82-3F49-4818-99C1-49346A59E247}.Debug|x86.Build.0 = Debug|Win32
		{1FEDCC82-3F49-4818-99C1-49346A59E247}.Release|x64.ActiveCfg = Release|x64
		{1FEDCC82-3F49-4818-99C1-49346A59E247}.Release|x64.Build.0 = Release|x64
		{1FEDCC82-3F49-4818-99C1-49346A59E247}.Release|x86.ActiveCfg = Release|Win32
		{1FEDCC82-3F49-4818-99C1-49346A59E247}.Release|x86.Build.0 = Release|Win32
	EndGlobalSection
	GlobalSection(SolutionProperties) = preSolution
		HideSolutionNode = FALSE
	EndGlobalSection
EndGlobal
