
Microsoft Visual Studio Solution File, Format Version 12.00
# Visual Studio 15
VisualStudioVersion = 15.0.26430.6
MinimumVisualStudioVersion = 10.0.40219.1
Project("{8BC9CEB8-8B4A-11D0-8D11-00A0C91BC942}") = "Linear List", "Linear List\Linear List.vcxproj", "{A3BD9DE7-B8D9-4CB2-9F8E-20FA92670B50}"
EndProject
Project("{8BC9CEB8-8B4A-11D0-8D11-00A0C91BC942}") = "Queue", "Queue\Queue.vcxproj", "{DFB12CA3-C7AC-452F-93AB-3BC26F0FC118}"
EndProject
Project("{8BC9CEB8-8B4A-11D0-8D11-00A0C91BC942}") = "Stack", "Stack\Stack.vcxproj", "{7F9B089D-F69F-4FD9-9D7E-33A52D21250B}"
EndProject
Project("{8BC9CEB8-8B4A-11D0-8D11-00A0C91BC942}") = "Tree", "Tree\Tree.vcxproj", "{53A4275D-9761-4D2A-80BC-F95AF199A9CA}"
EndProject
Global
	GlobalSection(SolutionConfigurationPlatforms) = preSolution
		Debug|x64 = Debug|x64
		Debug|x86 = Debug|x86
		Release|x64 = Release|x64
		Release|x86 = Release|x86
	EndGlobalSection
	GlobalSection(ProjectConfigurationPlatforms) = postSolution
		{A3BD9DE7-B8D9-4CB2-9F8E-20FA92670B50}.Debug|x64.ActiveCfg = Debug|x64
		{A3BD9DE7-B8D9-4CB2-9F8E-20FA92670B50}.Debug|x64.Build.0 = Debug|x64
		{A3BD9DE7-B8D9-4CB2-9F8E-20FA92670B50}.Debug|x86.ActiveCfg = Debug|Win32
		{A3BD9DE7-B8D9-4CB2-9F8E-20FA92670B50}.Debug|x86.Build.0 = Debug|Win32
		{A3BD9DE7-B8D9-4CB2-9F8E-20FA92670B50}.Release|x64.ActiveCfg = Release|x64
		{A3BD9DE7-B8D9-4CB2-9F8E-20FA92670B50}.Release|x64.Build.0 = Release|x64
		{A3BD9DE7-B8D9-4CB2-9F8E-20FA92670B50}.Release|x86.ActiveCfg = Release|Win32
		{A3BD9DE7-B8D9-4CB2-9F8E-20FA92670B50}.Release|x86.Build.0 = Release|Win32
		{DFB12CA3-C7AC-452F-93AB-3BC26F0FC118}.Debug|x64.ActiveCfg = Debug|x64
		{DFB12CA3-C7AC-452F-93AB-3BC26F0FC118}.Debug|x64.Build.0 = Debug|x64
		{DFB12CA3-C7AC-452F-93AB-3BC26F0FC118}.Debug|x86.ActiveCfg = Debug|Win32
		{DFB12CA3-C7AC-452F-93AB-3BC26F0FC118}.Debug|x86.Build.0 = Debug|Win32
		{DFB12CA3-C7AC-452F-93AB-3BC26F0FC118}.Release|x64.ActiveCfg = Release|x64
		{DFB12CA3-C7AC-452F-93AB-3BC26F0FC118}.Release|x64.Build.0 = Release|x64
		{DFB12CA3-C7AC-452F-93AB-3BC26F0FC118}.Release|x86.ActiveCfg = Release|Win32
		{DFB12CA3-C7AC-452F-93AB-3BC26F0FC118}.Release|x86.Build.0 = Release|Win32
		{7F9B089D-F69F-4FD9-9D7E-33A52D21250B}.Debug|x64.ActiveCfg = Debug|x64
		{7F9B089D-F69F-4FD9-9D7E-33A52D21250B}.Debug|x64.Build.0 = Debug|x64
		{7F9B089D-F69F-4FD9-9D7E-33A52D21250B}.Debug|x86.ActiveCfg = Debug|Win32
		{7F9B089D-F69F-4FD9-9D7E-33A52D21250B}.Debug|x86.Build.0 = Debug|Win32
		{7F9B089D-F69F-4FD9-9D7E-33A52D21250B}.Release|x64.ActiveCfg = Release|x64
		{7F9B089D-F69F-4FD9-9D7E-33A52D21250B}.Release|x64.Build.0 = Release|x64
		{7F9B089D-F69F-4FD9-9D7E-33A52D21250B}.Release|x86.ActiveCfg = Release|Win32
		{7F9B089D-F69F-4FD9-9D7E-33A52D21250B}.Release|x86.Build.0 = Release|Win32
		{53A4275D-9761-4D2A-80BC-F95AF199A9CA}.Debug|x64.ActiveCfg = Debug|x64
		{53A4275D-9761-4D2A-80BC-F95AF199A9CA}.Debug|x64.Build.0 = Debug|x64
		{53A4275D-9761-4D2A-80BC-F95AF199A9CA}.Debug|x86.ActiveCfg = Debug|Win32
		{53A4275D-9761-4D2A-80BC-F95AF199A9CA}.Debug|x86.Build.0 = Debug|Win32
		{53A4275D-9761-4D2A-80BC-F95AF199A9CA}.Release|x64.ActiveCfg = Release|x64
		{53A4275D-9761-4D2A-80BC-F95AF199A9CA}.Release|x64.Build.0 = Release|x64
		{53A4275D-9761-4D2A-80BC-F95AF199A9CA}.Release|x86.ActiveCfg = Release|Win32
		{53A4275D-9761-4D2A-80BC-F95AF199A9CA}.Release|x86.Build.0 = Release|Win32
	EndGlobalSection
	GlobalSection(SolutionProperties) = preSolution
		HideSolutionNode = FALSE
	EndGlobalSection
EndGlobal
